
Microsoft Visual Studio Solution File, Format Version 12.00
# Visual Studio Version 17
VisualStudioVersion = 17.6.33815.320
MinimumVisualStudioVersion = 10.0.40219.1
Project("{FAE04EC0-301F-11D3-BF4B-00C04F79EFBC}") = "StudentScores", "StudentScores\StudentScores.csproj", "{DA92323A-9EA2-424B-B826-3BED6134774E}"
EndProject
Global
	GlobalSection(SolutionConfigurationPlatforms) = preSolution
		Debug|Any CPU = Debug|Any CPU
		Release|Any CPU = Release|Any CPU
	EndGlobalSection
	GlobalSection(ProjectConfigurationPlatforms) = postSolution
		{DA92323A-9EA2-424B-B826-3BED6134774E}.Debug|Any CPU.ActiveCfg = Debug|Any CPU
		{DA92323A-9EA2-424B-B826-3BED6134774E}.Debug|Any CPU.Build.0 = Debug|Any CPU
		{DA92323A-9EA2-424B-B826-3BED6134774E}.Release|Any CPU.ActiveCfg = Release|Any CPU
		{DA92323A-9EA2-424B-B826-3BED6134774E}.Release|Any CPU.Build.0 = Release|Any CPU
	EndGlobalSection
	GlobalSection(SolutionProperties) = preSolution
		HideSolutionNode = FALSE
	EndGlobalSection
	GlobalSection(ExtensibilityGlobals) = postSolution
		SolutionGuid = {548783B9-33D2-46F3-8F0D-E7DA2CF84AF6}
	EndGlobalSection
EndGlobal
